
Microsoft Visual Studio Solution File, Format Version 12.00
# Visual Studio Version 17
VisualStudioVersion = 17.2.32630.192
MinimumVisualStudioVersion = 10.0.40219.1
Project("{8BC9CEB8-8B4A-11D0-8D11-00A0C91BC942}") = "循环语句练习", "循环语句练习\循环语句练习.vcxproj", "{B352CB28-A645-40CD-B267-F718DE418CA0}"
EndProject
Global
	GlobalSection(SolutionConfigurationPlatforms) = preSolution
		Debug|x64 = Debug|x64
		Debug|x86 = Debug|x86
		Release|x64 = Release|x64
		Release|x86 = Release|x86
	EndGlobalSection
	GlobalSection(ProjectConfigurationPlatforms) = postSolution
		{B352CB28-A645-40CD-B267-F718DE418CA0}.Debug|x64.ActiveCfg = Debug|x64
		{B352CB28-A645-40CD-B267-F718DE418CA0}.Debug|x64.Build.0 = Debug|x64
		{B352CB28-A645-40CD-B267-F718DE418CA0}.Debug|x86.ActiveCfg = Debug|Win32
		{B352CB28-A645-40CD-B267-F718DE418CA0}.Debug|x86.Build.0 = Debug|Win32
		{B352CB28-A645-40CD-B267-F718DE418CA0}.Release|x64.ActiveCfg = Release|x64
		{B352CB28-A645-40CD-B267-F718DE418CA0}.Release|x64.Build.0 = Release|x64
		{B352CB28-A645-40CD-B267-F718DE418CA0}.Release|x86.ActiveCfg = Release|Win32
		{B352CB28-A645-40CD-B267-F718DE418CA0}.Release|x86.Build.0 = Release|Win32
	EndGlobalSection
	GlobalSection(SolutionProperties) = preSolution
		HideSolutionNode = FALSE
	EndGlobalSection
	GlobalSection(ExtensibilityGlobals) = postSolution
		SolutionGuid = {19458E77-E659-49AF-B306-ACDA7184401B}
	EndGlobalSection
EndGlobal
